// !$*UTF8*$!
{
	archiveVersion = 1;
	classes = {
	};
	objectVersion = 55;
	objects = {

/* Begin PBXBuildFile section */
		150109F228A9E4AE001842E5 /* TwitterSwiftUIApp.swift in Sources */ = {isa = PBXBuildFile; fileRef = 150109F128A9E4AE001842E5 /* TwitterSwiftUIApp.swift */; };
		150109F428A9E4AE001842E5 /* ContentView.swift in Sources */ = {isa = PBXBuildFile; fileRef = 150109F328A9E4AE001842E5 /* ContentView.swift */; };
		150109F628A9E4B1001842E5 /* Assets.xcassets in Resources */ = {isa = PBXBuildFile; fileRef = 150109F528A9E4B1001842E5 /* Assets.xcassets */; };
		150109F928A9E4B1001842E5 /* Preview Assets.xcassets in Resources */ = {isa = PBXBuildFile; fileRef = 150109F828A9E4B1001842E5 /* Preview Assets.xcassets */; };
		15010A0A28A9E594001842E5 /* FeedView.swift in Sources */ = {isa = PBXBuildFile; fileRef = 15010A0928A9E594001842E5 /* FeedView.swift */; };
		15010A0D28A9E6CE001842E5 /* TweetsRowView.swift in Sources */ = {isa = PBXBuildFile; fileRef = 15010A0C28A9E6CE001842E5 /* TweetsRowView.swift */; };
		15010A1028AA019A001842E5 /* MainTabView.swift in Sources */ = {isa = PBXBuildFile; fileRef = 15010A0F28AA019A001842E5 /* MainTabView.swift */; };
		15010A1628AA03FA001842E5 /* ExploreView.swift in Sources */ = {isa = PBXBuildFile; fileRef = 15010A1528AA03FA001842E5 /* ExploreView.swift */; };
		15010A1828AA0410001842E5 /* NotificationsView.swift in Sources */ = {isa = PBXBuildFile; fileRef = 15010A1728AA0410001842E5 /* NotificationsView.swift */; };
		15010A1A28AA0426001842E5 /* MessagesView.swift in Sources */ = {isa = PBXBuildFile; fileRef = 15010A1928AA0426001842E5 /* MessagesView.swift */; };
		15010A1E28AA05B9001842E5 /* ProfileView.swift in Sources */ = {isa = PBXBuildFile; fileRef = 15010A1D28AA05B9001842E5 /* ProfileView.swift */; };
		15010A2028AA16BA001842E5 /* TweetFilterViewModel.swift in Sources */ = {isa = PBXBuildFile; fileRef = 15010A1F28AA16BA001842E5 /* TweetFilterViewModel.swift */; };
		15010A2528AA284D001842E5 /* UserRowView.swift in Sources */ = {isa = PBXBuildFile; fileRef = 15010A2428AA284D001842E5 /* UserRowView.swift */; };
		15010A2A28AA3722001842E5 /* SideMenuView.swift in Sources */ = {isa = PBXBuildFile; fileRef = 15010A2928AA3722001842E5 /* SideMenuView.swift */; };
		15010A2C28AA3735001842E5 /* SideMenuRowView.swift in Sources */ = {isa = PBXBuildFile; fileRef = 15010A2B28AA3735001842E5 /* SideMenuRowView.swift */; };
		15010A2E28AA37B8001842E5 /* SideMenuViewModel.swift in Sources */ = {isa = PBXBuildFile; fileRef = 15010A2D28AA37B8001842E5 /* SideMenuViewModel.swift */; };
		15010A3028AA3A5C001842E5 /* UserStatsView.swift in Sources */ = {isa = PBXBuildFile; fileRef = 15010A2F28AA3A5C001842E5 /* UserStatsView.swift */; };
		15010A3228AA58B9001842E5 /* SideMenuOptionRowView.swift in Sources */ = {isa = PBXBuildFile; fileRef = 15010A3128AA58B9001842E5 /* SideMenuOptionRowView.swift */; };
		15010A3728AA70E6001842E5 /* NewTweetView.swift in Sources */ = {isa = PBXBuildFile; fileRef = 15010A3628AA70E6001842E5 /* NewTweetView.swift */; };
		15010A3928AA7491001842E5 /* TextArea.swift in Sources */ = {isa = PBXBuildFile; fileRef = 15010A3828AA7491001842E5 /* TextArea.swift */; };
/* End PBXBuildFile section */

/* Begin PBXFileReference section */
		150109EE28A9E4AE001842E5 /* TwitterSwiftUI.app */ = {isa = PBXFileReference; explicitFileType = wrapper.application; includeInIndex = 0; path = TwitterSwiftUI.app; sourceTree = BUILT_PRODUCTS_DIR; };
		150109F128A9E4AE001842E5 /* TwitterSwiftUIApp.swift */ = {isa = PBXFileReference; lastKnownFileType = sourcecode.swift; path = TwitterSwiftUIApp.swift; sourceTree = "<group>"; };
		150109F328A9E4AE001842E5 /* ContentView.swift */ = {isa = PBXFileReference; lastKnownFileType = sourcecode.swift; path = ContentView.swift; sourceTree = "<group>"; };
		150109F528A9E4B1001842E5 /* Assets.xcassets */ = {isa = PBXFileReference; lastKnownFileType = folder.assetcatalog; path = Assets.xcassets; sourceTree = "<group>"; };
		150109F828A9E4B1001842E5 /* Preview Assets.xcassets */ = {isa = PBXFileReference; lastKnownFileType = folder.assetcatalog; path = "Preview Assets.xcassets"; sourceTree = "<group>"; };
		15010A0928A9E594001842E5 /* FeedView.swift */ = {isa = PBXFileReference; lastKnownFileType = sourcecode.swift; path = FeedView.swift; sourceTree = "<group>"; };
		15010A0C28A9E6CE001842E5 /* TweetsRowView.swift */ = {isa = PBXFileReference; lastKnownFileType = sourcecode.swift; path = TweetsRowView.swift; sourceTree = "<group>"; };
		15010A0F28AA019A001842E5 /* MainTabView.swift */ = {isa = PBXFileReference; lastKnownFileType = sourcecode.swift; path = MainTabView.swift; sourceTree = "<group>"; };
		15010A1528AA03FA001842E5 /* ExploreView.swift */ = {isa = PBXFileReference; lastKnownFileType = sourcecode.swift; path = ExploreView.swift; sourceTree = "<group>"; };
		15010A1728AA0410001842E5 /* NotificationsView.swift */ = {isa = PBXFileReference; lastKnownFileType = sourcecode.swift; path = NotificationsView.swift; sourceTree = "<group>"; };
		15010A1928AA0426001842E5 /* MessagesView.swift */ = {isa = PBXFileReference; lastKnownFileType = sourcecode.swift; path = MessagesView.swift; sourceTree = "<group>"; };
		15010A1D28AA05B9001842E5 /* ProfileView.swift */ = {isa = PBXFileReference; lastKnownFileType = sourcecode.swift; path = ProfileView.swift; sourceTree = "<group>"; };
		15010A1F28AA16BA001842E5 /* TweetFilterViewModel.swift */ = {isa = PBXFileReference; lastKnownFileType = sourcecode.swift; path = TweetFilterViewModel.swift; sourceTree = "<group>"; };
		15010A2428AA284D001842E5 /* UserRowView.swift */ = {isa = PBXFileReference; lastKnownFileType = sourcecode.swift; path = UserRowView.swift; sourceTree = "<group>"; };
		15010A2928AA3722001842E5 /* SideMenuView.swift */ = {isa = PBXFileReference; lastKnownFileType = sourcecode.swift; path = SideMenuView.swift; sourceTree = "<group>"; };
		15010A2B28AA3735001842E5 /* SideMenuRowView.swift */ = {isa = PBXFileReference; lastKnownFileType = sourcecode.swift; path = SideMenuRowView.swift; sourceTree = "<group>"; };
		15010A2D28AA37B8001842E5 /* SideMenuViewModel.swift */ = {isa = PBXFileReference; lastKnownFileType = sourcecode.swift; path = SideMenuViewModel.swift; sourceTree = "<group>"; };
		15010A2F28AA3A5C001842E5 /* UserStatsView.swift */ = {isa = PBXFileReference; lastKnownFileType = sourcecode.swift; path = UserStatsView.swift; sourceTree = "<group>"; };
		15010A3128AA58B9001842E5 /* SideMenuOptionRowView.swift */ = {isa = PBXFileReference; lastKnownFileType = sourcecode.swift; path = SideMenuOptionRowView.swift; sourceTree = "<group>"; };
		15010A3628AA70E6001842E5 /* NewTweetView.swift */ = {isa = PBXFileReference; lastKnownFileType = sourcecode.swift; path = NewTweetView.swift; sourceTree = "<group>"; };
		15010A3828AA7491001842E5 /* TextArea.swift */ = {isa = PBXFileReference; lastKnownFileType = sourcecode.swift; path = TextArea.swift; sourceTree = "<group>"; };
/* End PBXFileReference section */

/* Begin PBXFrameworksBuildPhase section */
		150109EB28A9E4AE001842E5 /* Frameworks */ = {
			isa = PBXFrameworksBuildPhase;
			buildActionMask = 2147483647;
			files = (
			);
			runOnlyForDeploymentPostprocessing = 0;
		};
/* End PBXFrameworksBuildPhase section */

/* Begin PBXGroup section */
		150109E528A9E4AE001842E5 = {
			isa = PBXGroup;
			children = (
				150109F028A9E4AE001842E5 /* TwitterSwiftUI */,
				150109EF28A9E4AE001842E5 /* Products */,
			);
			sourceTree = "<group>";
		};
		150109EF28A9E4AE001842E5 /* Products */ = {
			isa = PBXGroup;
			children = (
				150109EE28A9E4AE001842E5 /* TwitterSwiftUI.app */,
			);
			name = Products;
			sourceTree = "<group>";
		};
		150109F028A9E4AE001842E5 /* TwitterSwiftUI */ = {
			isa = PBXGroup;
			children = (
				15010A0328A9E4FC001842E5 /* Extensions */,
				15010A0228A9E4F0001842E5 /* Model */,
				15010A0128A9E4EE001842E5 /* Service */,
				150109FF28A9E4E0001842E5 /* Core */,
				150109F128A9E4AE001842E5 /* TwitterSwiftUIApp.swift */,
				150109F328A9E4AE001842E5 /* ContentView.swift */,
				150109F528A9E4B1001842E5 /* Assets.xcassets */,
				150109F728A9E4B1001842E5 /* Preview Content */,
			);
			path = TwitterSwiftUI;
			sourceTree = "<group>";
		};
		150109F728A9E4B1001842E5 /* Preview Content */ = {
			isa = PBXGroup;
			children = (
				150109F828A9E4B1001842E5 /* Preview Assets.xcassets */,
			);
			path = "Preview Content";
			sourceTree = "<group>";
		};
		150109FF28A9E4E0001842E5 /* Core */ = {
			isa = PBXGroup;
			children = (
				15010A3328AA70C5001842E5 /* UploadTweet */,
				15010A2628AA36F9001842E5 /* SideMenu */,
				15010A1428AA03A4001842E5 /* Explore */,
				15010A1328AA03A2001842E5 /* Notifications */,
				15010A1228AA03A0001842E5 /* Messages */,
				15010A1128AA039E001842E5 /* Profile */,
				15010A0E28AA018A001842E5 /* MainTab */,
				15010A0528A9E538001842E5 /* Components */,
				15010A0428A9E536001842E5 /* Feed */,
			);
			path = Core;
			sourceTree = "<group>";
		};
		15010A0128A9E4EE001842E5 /* Service */ = {
			isa = PBXGroup;
			children = (
			);
			path = Service;
			sourceTree = "<group>";
		};
		15010A0228A9E4F0001842E5 /* Model */ = {
			isa = PBXGroup;
			children = (
			);
			path = Model;
			sourceTree = "<group>";
		};
		15010A0328A9E4FC001842E5 /* Extensions */ = {
			isa = PBXGroup;
			children = (
			);
			path = Extensions;
			sourceTree = "<group>";
		};
		15010A0428A9E536001842E5 /* Feed */ = {
			isa = PBXGroup;
			children = (
				15010A0828A9E575001842E5 /* ViewModels */,
				15010A0728A9E573001842E5 /* Views */,
			);
			path = Feed;
			sourceTree = "<group>";
		};
		15010A0528A9E538001842E5 /* Components */ = {
			isa = PBXGroup;
			children = (
				15010A2328AA283D001842E5 /* Users */,
				15010A0B28A9E6A6001842E5 /* Tweets */,
			);
			path = Components;
			sourceTree = "<group>";
		};
		15010A0728A9E573001842E5 /* Views */ = {
			isa = PBXGroup;
			children = (
				15010A0928A9E594001842E5 /* FeedView.swift */,
			);
			path = Views;
			sourceTree = "<group>";
		};
		15010A0828A9E575001842E5 /* ViewModels */ = {
			isa = PBXGroup;
			children = (
			);
			path = ViewModels;
			sourceTree = "<group>";
		};
		15010A0B28A9E6A6001842E5 /* Tweets */ = {
			isa = PBXGroup;
			children = (
				15010A0C28A9E6CE001842E5 /* TweetsRowView.swift */,
				15010A3828AA7491001842E5 /* TextArea.swift */,
			);
			path = Tweets;
			sourceTree = "<group>";
		};
		15010A0E28AA018A001842E5 /* MainTab */ = {
			isa = PBXGroup;
			children = (
				15010A0F28AA019A001842E5 /* MainTabView.swift */,
			);
			path = MainTab;
			sourceTree = "<group>";
		};
		15010A1128AA039E001842E5 /* Profile */ = {
			isa = PBXGroup;
			children = (
				15010A1C28AA05A9001842E5 /* ViewModels */,
				15010A1B28AA0587001842E5 /* Views */,
			);
			path = Profile;
			sourceTree = "<group>";
		};
		15010A1228AA03A0001842E5 /* Messages */ = {
			isa = PBXGroup;
			children = (
				15010A1928AA0426001842E5 /* MessagesView.swift */,
			);
			path = Messages;
			sourceTree = "<group>";
		};
		15010A1328AA03A2001842E5 /* Notifications */ = {
			isa = PBXGroup;
			children = (
				15010A1728AA0410001842E5 /* NotificationsView.swift */,
			);
			path = Notifications;
			sourceTree = "<group>";
		};
		15010A1428AA03A4001842E5 /* Explore */ = {
			isa = PBXGroup;
			children = (
				15010A2228AA27E8001842E5 /* ViewModels */,
				15010A2128AA27DE001842E5 /* Views */,
			);
			path = Explore;
			sourceTree = "<group>";
		};
		15010A1B28AA0587001842E5 /* Views */ = {
			isa = PBXGroup;
			children = (
				15010A1D28AA05B9001842E5 /* ProfileView.swift */,
			);
			path = Views;
			sourceTree = "<group>";
		};
		15010A1C28AA05A9001842E5 /* ViewModels */ = {
			isa = PBXGroup;
			children = (
				15010A1F28AA16BA001842E5 /* TweetFilterViewModel.swift */,
			);
			path = ViewModels;
			sourceTree = "<group>";
		};
		15010A2128AA27DE001842E5 /* Views */ = {
			isa = PBXGroup;
			children = (
				15010A1528AA03FA001842E5 /* ExploreView.swift */,
			);
			path = Views;
			sourceTree = "<group>";
		};
		15010A2228AA27E8001842E5 /* ViewModels */ = {
			isa = PBXGroup;
			children = (
			);
			path = ViewModels;
			sourceTree = "<group>";
		};
		15010A2328AA283D001842E5 /* Users */ = {
			isa = PBXGroup;
			children = (
				15010A2428AA284D001842E5 /* UserRowView.swift */,
				15010A2F28AA3A5C001842E5 /* UserStatsView.swift */,
			);
			path = Users;
			sourceTree = "<group>";
		};
		15010A2628AA36F9001842E5 /* SideMenu */ = {
			isa = PBXGroup;
			children = (
				15010A2828AA370A001842E5 /* Views */,
				15010A2728AA36FF001842E5 /* ViewModels */,
			);
			path = SideMenu;
			sourceTree = "<group>";
		};
		15010A2728AA36FF001842E5 /* ViewModels */ = {
			isa = PBXGroup;
			children = (
				15010A2D28AA37B8001842E5 /* SideMenuViewModel.swift */,
			);
			path = ViewModels;
			sourceTree = "<group>";
		};
		15010A2828AA370A001842E5 /* Views */ = {
			isa = PBXGroup;
			children = (
				15010A2928AA3722001842E5 /* SideMenuView.swift */,
				15010A2B28AA3735001842E5 /* SideMenuRowView.swift */,
				15010A3128AA58B9001842E5 /* SideMenuOptionRowView.swift */,
			);
			path = Views;
			sourceTree = "<group>";
		};
		15010A3328AA70C5001842E5 /* UploadTweet */ = {
			isa = PBXGroup;
			children = (
				15010A3528AA70D4001842E5 /* ViewModels */,
				15010A3428AA70CE001842E5 /* Views */,
			);
			path = UploadTweet;
			sourceTree = "<group>";
		};
		15010A3428AA70CE001842E5 /* Views */ = {
			isa = PBXGroup;
			children = (
				15010A3628AA70E6001842E5 /* NewTweetView.swift */,
			);
			path = Views;
			sourceTree = "<group>";
		};
		15010A3528AA70D4001842E5 /* ViewModels */ = {
			isa = PBXGroup;
			children = (
			);
			path = ViewModels;
			sourceTree = "<group>";
		};
/* End PBXGroup section */

/* Begin PBXNativeTarget section */
		150109ED28A9E4AE001842E5 /* TwitterSwiftUI */ = {
			isa = PBXNativeTarget;
			buildConfigurationList = 150109FC28A9E4B1001842E5 /* Build configuration list for PBXNativeTarget "TwitterSwiftUI" */;
			buildPhases = (
				150109EA28A9E4AE001842E5 /* Sources */,
				150109EB28A9E4AE001842E5 /* Frameworks */,
				150109EC28A9E4AE001842E5 /* Resources */,
			);
			buildRules = (
			);
			dependencies = (
			);
			name = TwitterSwiftUI;
			productName = TwitterSwiftUI;
			productReference = 150109EE28A9E4AE001842E5 /* TwitterSwiftUI.app */;
			productType = "com.apple.product-type.application";
		};
/* End PBXNativeTarget section */

/* Begin PBXProject section */
		150109E628A9E4AE001842E5 /* Project object */ = {
			isa = PBXProject;
			attributes = {
				BuildIndependentTargetsInParallel = 1;
				LastSwiftUpdateCheck = 1340;
				LastUpgradeCheck = 1340;
				TargetAttributes = {
					150109ED28A9E4AE001842E5 = {
						CreatedOnToolsVersion = 13.4.1;
					};
				};
			};
			buildConfigurationList = 150109E928A9E4AE001842E5 /* Build configuration list for PBXProject "TwitterSwiftUI" */;
			compatibilityVersion = "Xcode 13.0";
			developmentRegion = en;
			hasScannedForEncodings = 0;
			knownRegions = (
				en,
				Base,
			);
			mainGroup = 150109E528A9E4AE001842E5;
			productRefGroup = 150109EF28A9E4AE001842E5 /* Products */;
			projectDirPath = "";
			projectRoot = "";
			targets = (
				150109ED28A9E4AE001842E5 /* TwitterSwiftUI */,
			);
		};
/* End PBXProject section */

/* Begin PBXResourcesBuildPhase section */
		150109EC28A9E4AE001842E5 /* Resources */ = {
			isa = PBXResourcesBuildPhase;
			buildActionMask = 2147483647;
			files = (
				150109F928A9E4B1001842E5 /* Preview Assets.xcassets in Resources */,
				150109F628A9E4B1001842E5 /* Assets.xcassets in Resources */,
			);
			runOnlyForDeploymentPostprocessing = 0;
		};
/* End PBXResourcesBuildPhase section */

/* Begin PBXSourcesBuildPhase section */
		150109EA28A9E4AE001842E5 /* Sources */ = {
			isa = PBXSourcesBuildPhase;
			buildActionMask = 2147483647;
			files = (
				15010A1A28AA0426001842E5 /* MessagesView.swift in Sources */,
				15010A1E28AA05B9001842E5 /* ProfileView.swift in Sources */,
				150109F428A9E4AE001842E5 /* ContentView.swift in Sources */,
				15010A2C28AA3735001842E5 /* SideMenuRowView.swift in Sources */,
				15010A0D28A9E6CE001842E5 /* TweetsRowView.swift in Sources */,
				15010A2028AA16BA001842E5 /* TweetFilterViewModel.swift in Sources */,
				15010A0A28A9E594001842E5 /* FeedView.swift in Sources */,
				15010A3928AA7491001842E5 /* TextArea.swift in Sources */,
				15010A2A28AA3722001842E5 /* SideMenuView.swift in Sources */,
				150109F228A9E4AE001842E5 /* TwitterSwiftUIApp.swift in Sources */,
				15010A3728AA70E6001842E5 /* NewTweetView.swift in Sources */,
				15010A1628AA03FA001842E5 /* ExploreView.swift in Sources */,
				15010A2E28AA37B8001842E5 /* SideMenuViewModel.swift in Sources */,
				15010A2528AA284D001842E5 /* UserRowView.swift in Sources */,
				15010A3228AA58B9001842E5 /* SideMenuOptionRowView.swift in Sources */,
				15010A1028AA019A001842E5 /* MainTabView.swift in Sources */,
				15010A1828AA0410001842E5 /* NotificationsView.swift in Sources */,
				15010A3028AA3A5C001842E5 /* UserStatsView.swift in Sources */,
			);
			runOnlyForDeploymentPostprocessing = 0;
		};
/* End PBXSourcesBuildPhase section */

/* Begin XCBuildConfiguration section */
		150109FA28A9E4B1001842E5 /* Debug */ = {
			isa = XCBuildConfiguration;
			buildSettings = {
				ALWAYS_SEARCH_USER_PATHS = NO;
				CLANG_ANALYZER_NONNULL = YES;
				CLANG_ANALYZER_NUMBER_OBJECT_CONVERSION = YES_AGGRESSIVE;
				CLANG_CXX_LANGUAGE_STANDARD = "gnu++17";
				CLANG_ENABLE_MODULES = YES;
				CLANG_ENABLE_OBJC_ARC = YES;
				CLANG_ENABLE_OBJC_WEAK = YES;
				CLANG_WARN_BLOCK_CAPTURE_AUTORELEASING = YES;
				CLANG_WARN_BOOL_CONVERSION = YES;
				CLANG_WARN_COMMA = YES;
				CLANG_WARN_CONSTANT_CONVERSION = YES;
				CLANG_WARN_DEPRECATED_OBJC_IMPLEMENTATIONS = YES;
				CLANG_WARN_DIRECT_OBJC_ISA_USAGE = YES_ERROR;
				CLANG_WARN_DOCUMENTATION_COMMENTS = YES;
				CLANG_WARN_EMPTY_BODY = YES;
				CLANG_WARN_ENUM_CONVERSION = YES;
				CLANG_WARN_INFINITE_RECURSION = YES;
				CLANG_WARN_INT_CONVERSION = YES;
				CLANG_WARN_NON_LITERAL_NULL_CONVERSION = YES;
				CLANG_WARN_OBJC_IMPLICIT_RETAIN_SELF = YES;
				CLANG_WARN_OBJC_LITERAL_CONVERSION = YES;
				CLANG_WARN_OBJC_ROOT_CLASS = YES_ERROR;
				CLANG_WARN_QUOTED_INCLUDE_IN_FRAMEWORK_HEADER = YES;
				CLANG_WARN_RANGE_LOOP_ANALYSIS = YES;
				CLANG_WARN_STRICT_PROTOTYPES = YES;
				CLANG_WARN_SUSPICIOUS_MOVE = YES;
				CLANG_WARN_UNGUARDED_AVAILABILITY = YES_AGGRESSIVE;
				CLANG_WARN_UNREACHABLE_CODE = YES;
				CLANG_WARN__DUPLICATE_METHOD_MATCH = YES;
				COPY_PHASE_STRIP = NO;
				DEBUG_INFORMATION_FORMAT = dwarf;
				ENABLE_STRICT_OBJC_MSGSEND = YES;
				ENABLE_TESTABILITY = YES;
				GCC_C_LANGUAGE_STANDARD = gnu11;
				GCC_DYNAMIC_NO_PIC = NO;
				GCC_NO_COMMON_BLOCKS = YES;
				GCC_OPTIMIZATION_LEVEL = 0;
				GCC_PREPROCESSOR_DEFINITIONS = (
					"DEBUG=1",
					"$(inherited)",
				);
				GCC_WARN_64_TO_32_BIT_CONVERSION = YES;
				GCC_WARN_ABOUT_RETURN_TYPE = YES_ERROR;
				GCC_WARN_UNDECLARED_SELECTOR = YES;
				GCC_WARN_UNINITIALIZED_AUTOS = YES_AGGRESSIVE;
				GCC_WARN_UNUSED_FUNCTION = YES;
				GCC_WARN_UNUSED_VARIABLE = YES;
				IPHONEOS_DEPLOYMENT_TARGET = 15.5;
				MTL_ENABLE_DEBUG_INFO = INCLUDE_SOURCE;
				MTL_FAST_MATH = YES;
				ONLY_ACTIVE_ARCH = YES;
				SDKROOT = iphoneos;
				SWIFT_ACTIVE_COMPILATION_CONDITIONS = DEBUG;
				SWIFT_OPTIMIZATION_LEVEL = "-Onone";
			};
			name = Debug;
		};
		150109FB28A9E4B1001842E5 /* Release */ = {
			isa = XCBuildConfiguration;
			buildSettings = {
				ALWAYS_SEARCH_USER_PATHS = NO;
				CLANG_ANALYZER_NONNULL = YES;
				CLANG_ANALYZER_NUMBER_OBJECT_CONVERSION = YES_AGGRESSIVE;
				CLANG_CXX_LANGUAGE_STANDARD = "gnu++17";
				CLANG_ENABLE_MODULES = YES;
				CLANG_ENABLE_OBJC_ARC = YES;
				CLANG_ENABLE_OBJC_WEAK = YES;
				CLANG_WARN_BLOCK_CAPTURE_AUTORELEASING = YES;
				CLANG_WARN_BOOL_CONVERSION = YES;
				CLANG_WARN_COMMA = YES;
				CLANG_WARN_CONSTANT_CONVERSION = YES;
				CLANG_WARN_DEPRECATED_OBJC_IMPLEMENTATIONS = YES;
				CLANG_WARN_DIRECT_OBJC_ISA_USAGE = YES_ERROR;
				CLANG_WARN_DOCUMENTATION_COMMENTS = YES;
				CLANG_WARN_EMPTY_BODY = YES;
				CLANG_WARN_ENUM_CONVERSION = YES;
				CLANG_WARN_INFINITE_RECURSION = YES;
				CLANG_WARN_INT_CONVERSION = YES;
				CLANG_WARN_NON_LITERAL_NULL_CONVERSION = YES;
				CLANG_WARN_OBJC_IMPLICIT_RETAIN_SELF = YES;
				CLANG_WARN_OBJC_LITERAL_CONVERSION = YES;
				CLANG_WARN_OBJC_ROOT_CLASS = YES_ERROR;
				CLANG_WARN_QUOTED_INCLUDE_IN_FRAMEWORK_HEADER = YES;
				CLANG_WARN_RANGE_LOOP_ANALYSIS = YES;
				CLANG_WARN_STRICT_PROTOTYPES = YES;
				CLANG_WARN_SUSPICIOUS_MOVE = YES;
				CLANG_WARN_UNGUARDED_AVAILABILITY = YES_AGGRESSIVE;
				CLANG_WARN_UNREACHABLE_CODE = YES;
				CLANG_WARN__DUPLICATE_METHOD_MATCH = YES;
				COPY_PHASE_STRIP = NO;
				DEBUG_INFORMATION_FORMAT = "dwarf-with-dsym";
				ENABLE_NS_ASSERTIONS = NO;
				ENABLE_STRICT_OBJC_MSGSEND = YES;
				GCC_C_LANGUAGE_STANDARD = gnu11;
				GCC_NO_COMMON_BLOCKS = YES;
				GCC_WARN_64_TO_32_BIT_CONVERSION = YES;
				GCC_WARN_ABOUT_RETURN_TYPE = YES_ERROR;
				GCC_WARN_UNDECLARED_SELECTOR = YES;
				GCC_WARN_UNINITIALIZED_AUTOS = YES_AGGRESSIVE;
				GCC_WARN_UNUSED_FUNCTION = YES;
				GCC_WARN_UNUSED_VARIABLE = YES;
				IPHONEOS_DEPLOYMENT_TARGET = 15.5;
				MTL_ENABLE_DEBUG_INFO = NO;
				MTL_FAST_MATH = YES;
				SDKROOT = iphoneos;
				SWIFT_COMPILATION_MODE = wholemodule;
				SWIFT_OPTIMIZATION_LEVEL = "-O";
				VALIDATE_PRODUCT = YES;
			};
			name = Release;
		};
		150109FD28A9E4B1001842E5 /* Debug */ = {
			isa = XCBuildConfiguration;
			buildSettings = {
				ASSETCATALOG_COMPILER_APPICON_NAME = AppIcon;
				ASSETCATALOG_COMPILER_GLOBAL_ACCENT_COLOR_NAME = AccentColor;
				CODE_SIGN_STYLE = Automatic;
				CURRENT_PROJECT_VERSION = 1;
				DEVELOPMENT_ASSET_PATHS = "\"TwitterSwiftUI/Preview Content\"";
				DEVELOPMENT_TEAM = 7833X587V8;
				ENABLE_PREVIEWS = YES;
				GENERATE_INFOPLIST_FILE = YES;
				INFOPLIST_KEY_UIApplicationSceneManifest_Generation = YES;
				INFOPLIST_KEY_UIApplicationSupportsIndirectInputEvents = YES;
				INFOPLIST_KEY_UILaunchScreen_Generation = YES;
				INFOPLIST_KEY_UISupportedInterfaceOrientations_iPad = "UIInterfaceOrientationPortrait UIInterfaceOrientationPortraitUpsideDown UIInterfaceOrientationLandscapeLeft UIInterfaceOrientationLandscapeRight";
				INFOPLIST_KEY_UISupportedInterfaceOrientations_iPhone = "UIInterfaceOrientationPortrait UIInterfaceOrientationLandscapeLeft UIInterfaceOrientationLandscapeRight";
				LD_RUNPATH_SEARCH_PATHS = (
					"$(inherited)",
					"@executable_path/Frameworks",
				);
				MARKETING_VERSION = 1.0;
				PRODUCT_BUNDLE_IDENTIFIER = com.eyepax.TwitterSwiftUI;
				PRODUCT_NAME = "$(TARGET_NAME)";
				SWIFT_EMIT_LOC_STRINGS = YES;
				SWIFT_VERSION = 5.0;
				TARGETED_DEVICE_FAMILY = "1,2";
			};
			name = Debug;
		};
		150109FE28A9E4B1001842E5 /* Release */ = {
			isa = XCBuildConfiguration;
			buildSettings = {
				ASSETCATALOG_COMPILER_APPICON_NAME = AppIcon;
				ASSETCATALOG_COMPILER_GLOBAL_ACCENT_COLOR_NAME = AccentColor;
				CODE_SIGN_STYLE = Automatic;
				CURRENT_PROJECT_VERSION = 1;
				DEVELOPMENT_ASSET_PATHS = "\"TwitterSwiftUI/Preview Content\"";
				DEVELOPMENT_TEAM = 7833X587V8;
				ENABLE_PREVIEWS = YES;
				GENERATE_INFOPLIST_FILE = YES;
				INFOPLIST_KEY_UIApplicationSceneManifest_Generation = YES;
				INFOPLIST_KEY_UIApplicationSupportsIndirectInputEvents = YES;
				INFOPLIST_KEY_UILaunchScreen_Generation = YES;
				INFOPLIST_KEY_UISupportedInterfaceOrientations_iPad = "UIInterfaceOrientationPortrait UIInterfaceOrientationPortraitUpsideDown UIInterfaceOrientationLandscapeLeft UIInterfaceOrientationLandscapeRight";
				INFOPLIST_KEY_UISupportedInterfaceOrientations_iPhone = "UIInterfaceOrientationPortrait UIInterfaceOrientationLandscapeLeft UIInterfaceOrientationLandscapeRight";
				LD_RUNPATH_SEARCH_PATHS = (
					"$(inherited)",
					"@executable_path/Frameworks",
				);
				MARKETING_VERSION = 1.0;
				PRODUCT_BUNDLE_IDENTIFIER = com.eyepax.TwitterSwiftUI;
				PRODUCT_NAME = "$(TARGET_NAME)";
				SWIFT_EMIT_LOC_STRINGS = YES;
				SWIFT_VERSION = 5.0;
				TARGETED_DEVICE_FAMILY = "1,2";
			};
			name = Release;
		};
/* End XCBuildConfiguration section */

/* Begin XCConfigurationList section */
		150109E928A9E4AE001842E5 /* Build configuration list for PBXProject "TwitterSwiftUI" */ = {
			isa = XCConfigurationList;
			buildConfigurations = (
				150109FA28A9E4B1001842E5 /* Debug */,
				150109FB28A9E4B1001842E5 /* Release */,
			);
			defaultConfigurationIsVisible = 0;
			defaultConfigurationName = Release;
		};
		150109FC28A9E4B1001842E5 /* Build configuration list for PBXNativeTarget "TwitterSwiftUI" */ = {
			isa = XCConfigurationList;
			buildConfigurations = (
				150109FD28A9E4B1001842E5 /* Debug */,
				150109FE28A9E4B1001842E5 /* Release */,
			);
			defaultConfigurationIsVisible = 0;
			defaultConfigurationName = Release;
		};
/* End XCConfigurationList section */
	};
	rootObject = 150109E628A9E4AE001842E5 /* Project object */;
}
